
Microsoft Visual Studio Solution File, Format Version 12.00
# Visual Studio 2012
Project("{FAE04EC0-301F-11D3-BF4B-00C04F79EFBC}") = "PatientClinic", "PatientClinic\PatientClinic.csproj", "{C22801D3-F0F3-454E-91DC-B810DDD8DABE}"
EndProject
Global
	GlobalSection(SolutionConfigurationPlatforms) = preSolution
		Debug|Any CPU = Debug|Any CPU
		Release|Any CPU = Release|Any CPU
	EndGlobalSection
	GlobalSection(ProjectConfigurationPlatforms) = postSolution
		{C22801D3-F0F3-454E-91DC-B810DDD8DABE}.Debug|Any CPU.ActiveCfg = Debug|Any CPU
		{C22801D3-F0F3-454E-91DC-B810DDD8DABE}.Debug|Any CPU.Build.0 = Debug|Any CPU
		{C22801D3-F0F3-454E-91DC-B810DDD8DABE}.Release|Any CPU.ActiveCfg = Release|Any CPU
		{C22801D3-F0F3-454E-91DC-B810DDD8DABE}.Release|Any CPU.Build.0 = Release|Any CPU
	EndGlobalSection
	GlobalSection(SolutionProperties) = preSolution
		HideSolutionNode = FALSE
	EndGlobalSection
EndGlobal
